
Microsoft Visual Studio Solution File, Format Version 12.00
# Visual Studio Version 17
VisualStudioVersion = 17.6.33829.357
MinimumVisualStudioVersion = 10.0.40219.1
Project("{9A19103F-16F7-4668-BE54-9A1E7A4F7556}") = "SkinMod", "SkinMod.csproj", "{EC632EC7-E748-4B3D-8A63-57C0540F4625}"
EndProject
Global
	GlobalSection(SolutionConfigurationPlatforms) = preSolution
		Debug|Any CPU = Debug|Any CPU
		Release|Any CPU = Release|Any CPU
	EndGlobalSection
	GlobalSection(ProjectConfigurationPlatforms) = postSolution
		{EC632EC7-E748-4B3D-8A63-57C0540F4625}.Debug|Any CPU.ActiveCfg = Debug|Any CPU
		{EC632EC7-E748-4B3D-8A63-57C0540F4625}.Debug|Any CPU.Build.0 = Debug|Any CPU
		{EC632EC7-E748-4B3D-8A63-57C0540F4625}.Release|Any CPU.ActiveCfg = Release|Any CPU
		{EC632EC7-E748-4B3D-8A63-57C0540F4625}.Release|Any CPU.Build.0 = Release|Any CPU
	EndGlobalSection
	GlobalSection(SolutionProperties) = preSolution
		HideSolutionNode = FALSE
	EndGlobalSection
	GlobalSection(ExtensibilityGlobals) = postSolution
		SolutionGuid = {D806B5DE-67DD-4A25-8805-97254DFC45B8}
	EndGlobalSection
EndGlobal
